Microsoft Visual Studio Solution File, Format Version 12.00
# Visual Studio 14
VisualStudioVersion = 14.0.25420.0
MinimumVisualStudioVersion = 10.0.40219.1
Project("{FAE04EC0-301F-11D3-BF4B-00C04F79EFBC}") = "Vs1", "Vs1\Vs1.csproj", "{E439E9DD-A6ED-4ADA-B2E7-EE99B6AE591E}"
EndProject
Global
	GlobalSection(SolutionConfigurationPlatforms) = preSolution
		Debug|Any CPU = Debug|Any CPU
		Release|Any CPU = Release|Any CPU
	EndGlobalSection
	GlobalSection(ProjectConfigurationPlatforms) = postSolution
		{E439E9DD-A6ED-4ADA-B2E7-EE99B6AE591E}.Debug|Any CPU.ActiveCfg = Debug|Any CPU
		{E439E9DD-A6ED-4ADA-B2E7-EE99B6AE591E}.Debug|Any CPU.Build.0 = Debug|Any CPU
		{E439E9DD-A6ED-4ADA-B2E7-EE99B6AE591E}.Release|Any CPU.ActiveCfg = Release|Any CPU
		{E439E9DD-A6ED-4ADA-B2E7-EE99B6AE591E}.Release|Any CPU.Build.0 = Release|Any CPU
	EndGlobalSection
	GlobalSection(SolutionProperties) = preSolution
		HideSolutionNode = FALSE
	EndGlobalSection
EndGlobal
